
Microsoft Visual Studio Solution File, Format Version 12.00
# Visual Studio 2013
VisualStudioVersion = 12.0.21005.1
MinimumVisualStudioVersion = 10.0.40219.1
Project("{FAE04EC0-301F-11D3-BF4B-00C04F79EFBC}") = "client", "client\client.csproj", "{D3A74E6B-3E32-4E4D-A277-4045F23219AE}"
EndProject
Project("{FAE04EC0-301F-11D3-BF4B-00C04F79EFBC}") = "ReportCreatorLib", "ReportCreator\ReportCreatorLib.csproj", "{F1D84AF2-2DE2-47FF-8CDB-3C35D771803E}"
EndProject
Project("{FAE04EC0-301F-11D3-BF4B-00C04F79EFBC}") = "CommunicationInterface", "..\server\CommunicationInterface\CommunicationInterface.csproj", "{C7AEB2DB-8504-45E9-B231-E9BA0FD51DF6}"
EndProject
Project("{FAE04EC0-301F-11D3-BF4B-00C04F79EFBC}") = "Client 2.0", "Client 2.0\Client 2.0.csproj", "{2DD59FEB-5B2F-46BB-9574-388F41216576}"
EndProject
Project("{FAE04EC0-301F-11D3-BF4B-00C04F79EFBC}") = "dbLib", "..\server\dbLib\dbLib.csproj", "{C0CD0370-7F5B-4998-BAF5-CBCB34E7BE9F}"
EndProject
Project("{FAE04EC0-301F-11D3-BF4B-00C04F79EFBC}") = "CommandsLib", "..\server\CommandsLib\CommandsLib.csproj", "{41EB5CA8-0F55-498D-92AD-0D4BAAE96FED}"
EndProject
Global
	GlobalSection(SolutionConfigurationPlatforms) = preSolution
		Debug|Any CPU = Debug|Any CPU
		Debug|Mixed Platforms = Debug|Mixed Platforms
		Debug|x86 = Debug|x86
		Release|Any CPU = Release|Any CPU
		Release|Mixed Platforms = Release|Mixed Platforms
		Release|x86 = Release|x86
	EndGlobalSection
	GlobalSection(ProjectConfigurationPlatforms) = postSolution
		{D3A74E6B-3E32-4E4D-A277-4045F23219AE}.Debug|Any CPU.ActiveCfg = Debug|x86
		{D3A74E6B-3E32-4E4D-A277-4045F23219AE}.Debug|Mixed Platforms.ActiveCfg = Debug|x86
		{D3A74E6B-3E32-4E4D-A277-4045F23219AE}.Debug|Mixed Platforms.Build.0 = Debug|x86
		{D3A74E6B-3E32-4E4D-A277-4045F23219AE}.Debug|x86.ActiveCfg = Debug|x86
		{D3A74E6B-3E32-4E4D-A277-4045F23219AE}.Debug|x86.Build.0 = Debug|x86
		{D3A74E6B-3E32-4E4D-A277-4045F23219AE}.Release|Any CPU.ActiveCfg = Release|x86
		{D3A74E6B-3E32-4E4D-A277-4045F23219AE}.Release|Mixed Platforms.ActiveCfg = Release|x86
		{D3A74E6B-3E32-4E4D-A277-4045F23219AE}.Release|Mixed Platforms.Build.0 = Release|x86
		{D3A74E6B-3E32-4E4D-A277-4045F23219AE}.Release|x86.ActiveCfg = Release|x86
		{D3A74E6B-3E32-4E4D-A277-4045F23219AE}.Release|x86.Build.0 = Release|x86
		{F1D84AF2-2DE2-47FF-8CDB-3C35D771803E}.Debug|Any CPU.ActiveCfg = Debug|Any CPU
		{F1D84AF2-2DE2-47FF-8CDB-3C35D771803E}.Debug|Any CPU.Build.0 = Debug|Any CPU
		{F1D84AF2-2DE2-47FF-8CDB-3C35D771803E}.Debug|Mixed Platforms.ActiveCfg = Debug|Any CPU
		{F1D84AF2-2DE2-47FF-8CDB-3C35D771803E}.Debug|Mixed Platforms.Build.0 = Debug|Any CPU
		{F1D84AF2-2DE2-47FF-8CDB-3C35D771803E}.Debug|x86.ActiveCfg = Debug|Any CPU
		{F1D84AF2-2DE2-47FF-8CDB-3C35D771803E}.Release|Any CPU.ActiveCfg = Release|Any CPU
		{F1D84AF2-2DE2-47FF-8CDB-3C35D771803E}.Release|Any CPU.Build.0 = Release|Any CPU
		{F1D84AF2-2DE2-47FF-8CDB-3C35D771803E}.Release|Mixed Platforms.ActiveCfg = Release|Any CPU
		{F1D84AF2-2DE2-47FF-8CDB-3C35D771803E}.Release|Mixed Platforms.Build.0 = Release|Any CPU
		{F1D84AF2-2DE2-47FF-8CDB-3C35D771803E}.Release|x86.ActiveCfg = Release|Any CPU
		{C7AEB2DB-8504-45E9-B231-E9BA0FD51DF6}.Debug|Any CPU.ActiveCfg = Debug|Any CPU
		{C7AEB2DB-8504-45E9-B231-E9BA0FD51DF6}.Debug|Any CPU.Build.0 = Debug|Any CPU
		{C7AEB2DB-8504-45E9-B231-E9BA0FD51DF6}.Debug|Mixed Platforms.ActiveCfg = Debug|Any CPU
		{C7AEB2DB-8504-45E9-B231-E9BA0FD51DF6}.Debug|Mixed Platforms.Build.0 = Debug|Any CPU
		{C7AEB2DB-8504-45E9-B231-E9BA0FD51DF6}.Debug|x86.ActiveCfg = Debug|Any CPU
		{C7AEB2DB-8504-45E9-B231-E9BA0FD51DF6}.Release|Any CPU.ActiveCfg = Release|Any CPU
		{C7AEB2DB-8504-45E9-B231-E9BA0FD51DF6}.Release|Any CPU.Build.0 = Release|Any CPU
		{C7AEB2DB-8504-45E9-B231-E9BA0FD51DF6}.Release|Mixed Platforms.ActiveCfg = Release|Any CPU
		{C7AEB2DB-8504-45E9-B231-E9BA0FD51DF6}.Release|Mixed Platforms.Build.0 = Release|Any CPU
		{C7AEB2DB-8504-45E9-B231-E9BA0FD51DF6}.Release|x86.ActiveCfg = Release|Any CPU
		{2DD59FEB-5B2F-46BB-9574-388F41216576}.Debug|Any CPU.ActiveCfg = Debug|Any CPU
		{2DD59FEB-5B2F-46BB-9574-388F41216576}.Debug|Any CPU.Build.0 = Debug|Any CPU
		{2DD59FEB-5B2F-46BB-9574-388F41216576}.Debug|Mixed Platforms.ActiveCfg = Debug|Any CPU
		{2DD59FEB-5B2F-46BB-9574-388F41216576}.Debug|Mixed Platforms.Build.0 = Debug|Any CPU
		{2DD59FEB-5B2F-46BB-9574-388F41216576}.Debug|x86.ActiveCfg = Debug|Any CPU
		{2DD59FEB-5B2F-46BB-9574-388F41216576}.Release|Any CPU.ActiveCfg = Release|Any CPU
		{2DD59FEB-5B2F-46BB-9574-388F41216576}.Release|Any CPU.Build.0 = Release|Any CPU
		{2DD59FEB-5B2F-46BB-9574-388F41216576}.Release|Mixed Platforms.ActiveCfg = Release|Any CPU
		{2DD59FEB-5B2F-46BB-9574-388F41216576}.Release|Mixed Platforms.Build.0 = Release|Any CPU
		{2DD59FEB-5B2F-46BB-9574-388F41216576}.Release|x86.ActiveCfg = Release|Any CPU
		{C0CD0370-7F5B-4998-BAF5-CBCB34E7BE9F}.Debug|Any CPU.ActiveCfg = Debug|Any CPU
		{C0CD0370-7F5B-4998-BAF5-CBCB34E7BE9F}.Debug|Any CPU.Build.0 = Debug|Any CPU
		{C0CD0370-7F5B-4998-BAF5-CBCB34E7BE9F}.Debug|Mixed Platforms.ActiveCfg = Debug|Any CPU
		{C0CD0370-7F5B-4998-BAF5-CBCB34E7BE9F}.Debug|Mixed Platforms.Build.0 = Debug|Any CPU
		{C0CD0370-7F5B-4998-BAF5-CBCB34E7BE9F}.Debug|x86.ActiveCfg = Debug|Any CPU
		{C0CD0370-7F5B-4998-BAF5-CBCB34E7BE9F}.Release|Any CPU.ActiveCfg = Release|Any CPU
		{C0CD0370-7F5B-4998-BAF5-CBCB34E7BE9F}.Release|Any CPU.Build.0 = Release|Any CPU
		{C0CD0370-7F5B-4998-BAF5-CBCB34E7BE9F}.Release|Mixed Platforms.ActiveCfg = Release|Any CPU
		{C0CD0370-7F5B-4998-BAF5-CBCB34E7BE9F}.Release|Mixed Platforms.Build.0 = Release|Any CPU
		{C0CD0370-7F5B-4998-BAF5-CBCB34E7BE9F}.Release|x86.ActiveCfg = Release|Any CPU
		{41EB5CA8-0F55-498D-92AD-0D4BAAE96FED}.Debug|Any CPU.ActiveCfg = Debug|Any CPU
		{41EB5CA8-0F55-498D-92AD-0D4BAAE96FED}.Debug|Any CPU.Build.0 = Debug|Any CPU
		{41EB5CA8-0F55-498D-92AD-0D4BAAE96FED}.Debug|Mixed Platforms.ActiveCfg = Debug|Any CPU
		{41EB5CA8-0F55-498D-92AD-0D4BAAE96FED}.Debug|Mixed Platforms.Build.0 = Debug|Any CPU
		{41EB5CA8-0F55-498D-92AD-0D4BAAE96FED}.Debug|x86.ActiveCfg = Debug|Any CPU
		{41EB5CA8-0F55-498D-92AD-0D4BAAE96FED}.Release|Any CPU.ActiveCfg = Release|Any CPU
		{41EB5CA8-0F55-498D-92AD-0D4BAAE96FED}.Release|Any CPU.Build.0 = Release|Any CPU
		{41EB5CA8-0F55-498D-92AD-0D4BAAE96FED}.Release|Mixed Platforms.ActiveCfg = Release|Any CPU
		{41EB5CA8-0F55-498D-92AD-0D4BAAE96FED}.Release|Mixed Platforms.Build.0 = Release|Any CPU
		{41EB5CA8-0F55-498D-92AD-0D4BAAE96FED}.Release|x86.ActiveCfg = Release|Any CPU
	EndGlobalSection
	GlobalSection(SolutionProperties) = preSolution
		HideSolutionNode = FALSE
	EndGlobalSection
EndGlobal
