
Microsoft Visual Studio Solution File, Format Version 12.00
# Visual Studio 2013
VisualStudioVersion = 12.0.21005.1
MinimumVisualStudioVersion = 10.0.40219.1
Project("{FAE04EC0-301F-11D3-BF4B-00C04F79EFBC}") = "AnalyzerLib", "analizator\AnalyzerLib.csproj", "{F425DFF5-3F70-403E-A7FC-DBBF26DC16B6}"
EndProject
Project("{FAE04EC0-301F-11D3-BF4B-00C04F79EFBC}") = "dbLib", "dbLib\dbLib.csproj", "{C0CD0370-7F5B-4998-BAF5-CBCB34E7BE9F}"
EndProject
Project("{FAE04EC0-301F-11D3-BF4B-00C04F79EFBC}") = "PostmanLib", "postman\PostmanLib.csproj", "{A8673ADC-E5A8-4216-AEA0-5E137CE0F592}"
	ProjectSection(ProjectDependencies) = postProject
		{AE1F0F3D-DA01-4C0E-8771-06178B8F2D66} = {AE1F0F3D-DA01-4C0E-8771-06178B8F2D66}
		{C0CD0370-7F5B-4998-BAF5-CBCB34E7BE9F} = {C0CD0370-7F5B-4998-BAF5-CBCB34E7BE9F}
	EndProjectSection
EndProject
Project("{FAE04EC0-301F-11D3-BF4B-00C04F79EFBC}") = "HelpersLib", "Helper\HelpersLib.csproj", "{AE1F0F3D-DA01-4C0E-8771-06178B8F2D66}"
EndProject
Project("{FAE04EC0-301F-11D3-BF4B-00C04F79EFBC}") = "Server 2.0", "Server 2.0\Server 2.0.csproj", "{44F8AF9A-F167-465A-B67F-9E055F8C0253}"
EndProject
Project("{FAE04EC0-301F-11D3-BF4B-00C04F79EFBC}") = "CommunicationInterface", "CommunicationInterface\CommunicationInterface.csproj", "{C7AEB2DB-8504-45E9-B231-E9BA0FD51DF6}"
EndProject
Project("{FAE04EC0-301F-11D3-BF4B-00C04F79EFBC}") = "QuestionHandlerLib", "QuestionHandler\QuestionHandlerLib.csproj", "{5EC1D3E8-6788-4620-AC7B-0B1FE86D2237}"
EndProject
Global
	GlobalSection(SolutionConfigurationPlatforms) = preSolution
		Debug|Any CPU = Debug|Any CPU
		Debug|Mixed Platforms = Debug|Mixed Platforms
		Debug|x86 = Debug|x86
		Release|Any CPU = Release|Any CPU
		Release|Mixed Platforms = Release|Mixed Platforms
		Release|x86 = Release|x86
	EndGlobalSection
	GlobalSection(ProjectConfigurationPlatforms) = postSolution
		{F425DFF5-3F70-403E-A7FC-DBBF26DC16B6}.Debug|Any CPU.ActiveCfg = Debug|Any CPU
		{F425DFF5-3F70-403E-A7FC-DBBF26DC16B6}.Debug|Any CPU.Build.0 = Debug|Any CPU
		{F425DFF5-3F70-403E-A7FC-DBBF26DC16B6}.Debug|Mixed Platforms.ActiveCfg = Debug|Any CPU
		{F425DFF5-3F70-403E-A7FC-DBBF26DC16B6}.Debug|Mixed Platforms.Build.0 = Debug|Any CPU
		{F425DFF5-3F70-403E-A7FC-DBBF26DC16B6}.Debug|x86.ActiveCfg = Debug|Any CPU
		{F425DFF5-3F70-403E-A7FC-DBBF26DC16B6}.Release|Any CPU.ActiveCfg = Release|Any CPU
		{F425DFF5-3F70-403E-A7FC-DBBF26DC16B6}.Release|Any CPU.Build.0 = Release|Any CPU
		{F425DFF5-3F70-403E-A7FC-DBBF26DC16B6}.Release|Mixed Platforms.ActiveCfg = Release|Any CPU
		{F425DFF5-3F70-403E-A7FC-DBBF26DC16B6}.Release|Mixed Platforms.Build.0 = Release|Any CPU
		{F425DFF5-3F70-403E-A7FC-DBBF26DC16B6}.Release|x86.ActiveCfg = Release|Any CPU
		{C0CD0370-7F5B-4998-BAF5-CBCB34E7BE9F}.Debug|Any CPU.ActiveCfg = Debug|Any CPU
		{C0CD0370-7F5B-4998-BAF5-CBCB34E7BE9F}.Debug|Any CPU.Build.0 = Debug|Any CPU
		{C0CD0370-7F5B-4998-BAF5-CBCB34E7BE9F}.Debug|Mixed Platforms.ActiveCfg = Debug|Any CPU
		{C0CD0370-7F5B-4998-BAF5-CBCB34E7BE9F}.Debug|Mixed Platforms.Build.0 = Debug|Any CPU
		{C0CD0370-7F5B-4998-BAF5-CBCB34E7BE9F}.Debug|x86.ActiveCfg = Debug|Any CPU
		{C0CD0370-7F5B-4998-BAF5-CBCB34E7BE9F}.Release|Any CPU.ActiveCfg = Release|Any CPU
		{C0CD0370-7F5B-4998-BAF5-CBCB34E7BE9F}.Release|Any CPU.Build.0 = Release|Any CPU
		{C0CD0370-7F5B-4998-BAF5-CBCB34E7BE9F}.Release|Mixed Platforms.ActiveCfg = Release|Any CPU
		{C0CD0370-7F5B-4998-BAF5-CBCB34E7BE9F}.Release|Mixed Platforms.Build.0 = Release|Any CPU
		{C0CD0370-7F5B-4998-BAF5-CBCB34E7BE9F}.Release|x86.ActiveCfg = Release|Any CPU
		{A8673ADC-E5A8-4216-AEA0-5E137CE0F592}.Debug|Any CPU.ActiveCfg = Debug|Any CPU
		{A8673ADC-E5A8-4216-AEA0-5E137CE0F592}.Debug|Any CPU.Build.0 = Debug|Any CPU
		{A8673ADC-E5A8-4216-AEA0-5E137CE0F592}.Debug|Mixed Platforms.ActiveCfg = Debug|Any CPU
		{A8673ADC-E5A8-4216-AEA0-5E137CE0F592}.Debug|Mixed Platforms.Build.0 = Debug|Any CPU
		{A8673ADC-E5A8-4216-AEA0-5E137CE0F592}.Debug|x86.ActiveCfg = Debug|Any CPU
		{A8673ADC-E5A8-4216-AEA0-5E137CE0F592}.Release|Any CPU.ActiveCfg = Release|Any CPU
		{A8673ADC-E5A8-4216-AEA0-5E137CE0F592}.Release|Any CPU.Build.0 = Release|Any CPU
		{A8673ADC-E5A8-4216-AEA0-5E137CE0F592}.Release|Mixed Platforms.ActiveCfg = Release|Any CPU
		{A8673ADC-E5A8-4216-AEA0-5E137CE0F592}.Release|Mixed Platforms.Build.0 = Release|Any CPU
		{A8673ADC-E5A8-4216-AEA0-5E137CE0F592}.Release|x86.ActiveCfg = Release|Any CPU
		{AE1F0F3D-DA01-4C0E-8771-06178B8F2D66}.Debug|Any CPU.ActiveCfg = Debug|Any CPU
		{AE1F0F3D-DA01-4C0E-8771-06178B8F2D66}.Debug|Any CPU.Build.0 = Debug|Any CPU
		{AE1F0F3D-DA01-4C0E-8771-06178B8F2D66}.Debug|Mixed Platforms.ActiveCfg = Debug|Any CPU
		{AE1F0F3D-DA01-4C0E-8771-06178B8F2D66}.Debug|Mixed Platforms.Build.0 = Debug|Any CPU
		{AE1F0F3D-DA01-4C0E-8771-06178B8F2D66}.Debug|x86.ActiveCfg = Debug|Any CPU
		{AE1F0F3D-DA01-4C0E-8771-06178B8F2D66}.Release|Any CPU.ActiveCfg = Release|Any CPU
		{AE1F0F3D-DA01-4C0E-8771-06178B8F2D66}.Release|Any CPU.Build.0 = Release|Any CPU
		{AE1F0F3D-DA01-4C0E-8771-06178B8F2D66}.Release|Mixed Platforms.ActiveCfg = Release|Any CPU
		{AE1F0F3D-DA01-4C0E-8771-06178B8F2D66}.Release|Mixed Platforms.Build.0 = Release|Any CPU
		{AE1F0F3D-DA01-4C0E-8771-06178B8F2D66}.Release|x86.ActiveCfg = Release|Any CPU
		{44F8AF9A-F167-465A-B67F-9E055F8C0253}.Debug|Any CPU.ActiveCfg = Debug|Any CPU
		{44F8AF9A-F167-465A-B67F-9E055F8C0253}.Debug|Any CPU.Build.0 = Debug|Any CPU
		{44F8AF9A-F167-465A-B67F-9E055F8C0253}.Debug|Mixed Platforms.ActiveCfg = Debug|Any CPU
		{44F8AF9A-F167-465A-B67F-9E055F8C0253}.Debug|Mixed Platforms.Build.0 = Debug|Any CPU
		{44F8AF9A-F167-465A-B67F-9E055F8C0253}.Debug|x86.ActiveCfg = Debug|Any CPU
		{44F8AF9A-F167-465A-B67F-9E055F8C0253}.Release|Any CPU.ActiveCfg = Release|Any CPU
		{44F8AF9A-F167-465A-B67F-9E055F8C0253}.Release|Any CPU.Build.0 = Release|Any CPU
		{44F8AF9A-F167-465A-B67F-9E055F8C0253}.Release|Mixed Platforms.ActiveCfg = Release|Any CPU
		{44F8AF9A-F167-465A-B67F-9E055F8C0253}.Release|Mixed Platforms.Build.0 = Release|Any CPU
		{44F8AF9A-F167-465A-B67F-9E055F8C0253}.Release|x86.ActiveCfg = Release|Any CPU
		{C7AEB2DB-8504-45E9-B231-E9BA0FD51DF6}.Debug|Any CPU.ActiveCfg = Debug|Any CPU
		{C7AEB2DB-8504-45E9-B231-E9BA0FD51DF6}.Debug|Any CPU.Build.0 = Debug|Any CPU
		{C7AEB2DB-8504-45E9-B231-E9BA0FD51DF6}.Debug|Mixed Platforms.ActiveCfg = Debug|Any CPU
		{C7AEB2DB-8504-45E9-B231-E9BA0FD51DF6}.Debug|Mixed Platforms.Build.0 = Debug|Any CPU
		{C7AEB2DB-8504-45E9-B231-E9BA0FD51DF6}.Debug|x86.ActiveCfg = Debug|Any CPU
		{C7AEB2DB-8504-45E9-B231-E9BA0FD51DF6}.Release|Any CPU.ActiveCfg = Release|Any CPU
		{C7AEB2DB-8504-45E9-B231-E9BA0FD51DF6}.Release|Any CPU.Build.0 = Release|Any CPU
		{C7AEB2DB-8504-45E9-B231-E9BA0FD51DF6}.Release|Mixed Platforms.ActiveCfg = Release|Any CPU
		{C7AEB2DB-8504-45E9-B231-E9BA0FD51DF6}.Release|Mixed Platforms.Build.0 = Release|Any CPU
		{C7AEB2DB-8504-45E9-B231-E9BA0FD51DF6}.Release|x86.ActiveCfg = Release|Any CPU
		{5EC1D3E8-6788-4620-AC7B-0B1FE86D2237}.Debug|Any CPU.ActiveCfg = Debug|Any CPU
		{5EC1D3E8-6788-4620-AC7B-0B1FE86D2237}.Debug|Any CPU.Build.0 = Debug|Any CPU
		{5EC1D3E8-6788-4620-AC7B-0B1FE86D2237}.Debug|Mixed Platforms.ActiveCfg = Debug|Any CPU
		{5EC1D3E8-6788-4620-AC7B-0B1FE86D2237}.Debug|Mixed Platforms.Build.0 = Debug|Any CPU
		{5EC1D3E8-6788-4620-AC7B-0B1FE86D2237}.Debug|x86.ActiveCfg = Debug|Any CPU
		{5EC1D3E8-6788-4620-AC7B-0B1FE86D2237}.Release|Any CPU.ActiveCfg = Release|Any CPU
		{5EC1D3E8-6788-4620-AC7B-0B1FE86D2237}.Release|Any CPU.Build.0 = Release|Any CPU
		{5EC1D3E8-6788-4620-AC7B-0B1FE86D2237}.Release|Mixed Platforms.ActiveCfg = Release|Any CPU
		{5EC1D3E8-6788-4620-AC7B-0B1FE86D2237}.Release|Mixed Platforms.Build.0 = Release|Any CPU
		{5EC1D3E8-6788-4620-AC7B-0B1FE86D2237}.Release|x86.ActiveCfg = Release|Any CPU
	EndGlobalSection
	GlobalSection(SolutionProperties) = preSolution
		HideSolutionNode = FALSE
	EndGlobalSection
EndGlobal
